// !$*UTF8*$!
{
	archiveVersion = 1;
	classes = {
	};
	objectVersion = 46;
	objects = {

/* Begin PBXBuildFile section */
		1B1017021DFC37EA00D4AA44 /* AppDelegate.swift in Sources */ = {isa = PBXBuildFile; fileRef = 1B1017011DFC37EA00D4AA44 /* AppDelegate.swift */; };
		1B1017071DFC37EA00D4AA44 /* Main.storyboard in Resources */ = {isa = PBXBuildFile; fileRef = 1B1017051DFC37EA00D4AA44 /* Main.storyboard */; };
		1B1017091DFC37EA00D4AA44 /* Assets.xcassets in Resources */ = {isa = PBXBuildFile; fileRef = 1B1017081DFC37EA00D4AA44 /* Assets.xcassets */; };
		1B10170C1DFC37EA00D4AA44 /* LaunchScreen.storyboard in Resources */ = {isa = PBXBuildFile; fileRef = 1B10170A1DFC37EA00D4AA44 /* LaunchScreen.storyboard */; };
		1B10171A1DFC387F00D4AA44 /* DataStore.swift in Sources */ = {isa = PBXBuildFile; fileRef = 1B1017131DFC387F00D4AA44 /* DataStore.swift */; };
		1B10171B1DFC387F00D4AA44 /* Health.swift in Sources */ = {isa = PBXBuildFile; fileRef = 1B1017141DFC387F00D4AA44 /* Health.swift */; };
		1B10171C1DFC387F00D4AA44 /* MainViewController.swift in Sources */ = {isa = PBXBuildFile; fileRef = 1B1017151DFC387F00D4AA44 /* MainViewController.swift */; };
		1B10171D1DFC387F00D4AA44 /* Session.swift in Sources */ = {isa = PBXBuildFile; fileRef = 1B1017161DFC387F00D4AA44 /* Session.swift */; };
		1B10171E1DFC387F00D4AA44 /* SessionsViewController.swift in Sources */ = {isa = PBXBuildFile; fileRef = 1B1017171DFC387F00D4AA44 /* SessionsViewController.swift */; };
		1B10171F1DFC387F00D4AA44 /* UIColor.swift in Sources */ = {isa = PBXBuildFile; fileRef = 1B1017181DFC387F00D4AA44 /* UIColor.swift */; };
		1B1017201DFC387F00D4AA44 /* UIFont.swift in Sources */ = {isa = PBXBuildFile; fileRef = 1B1017191DFC387F00D4AA44 /* UIFont.swift */; };
		1B1017241DFC3AC200D4AA44 /* HealthKit.framework in Frameworks */ = {isa = PBXBuildFile; fileRef = 1B1017231DFC3AC200D4AA44 /* HealthKit.framework */; };
		1B1017291DFC4A2000D4AA44 /* Int.swift in Sources */ = {isa = PBXBuildFile; fileRef = 1B1017281DFC4A2000D4AA44 /* Int.swift */; };
		1B10172B1DFC73E600D4AA44 /* Double.swift in Sources */ = {isa = PBXBuildFile; fileRef = 1B10172A1DFC73E600D4AA44 /* Double.swift */; };
		1B10172D1DFC74C500D4AA44 /* CGAffineTransform.swift in Sources */ = {isa = PBXBuildFile; fileRef = 1B10172C1DFC74C500D4AA44 /* CGAffineTransform.swift */; };
		1B2411921DFF0098009767CF /* SunView.swift in Sources */ = {isa = PBXBuildFile; fileRef = 1B2411911DFF0098009767CF /* SunView.swift */; };
		1B2411951DFF01BC009767CF /* UIImageConstants.swift in Sources */ = {isa = PBXBuildFile; fileRef = 1B2411941DFF01BC009767CF /* UIImageConstants.swift */; };
		1B2411971DFF0276009767CF /* UIView.swift in Sources */ = {isa = PBXBuildFile; fileRef = 1B2411961DFF0276009767CF /* UIView.swift */; };
		1B2411991DFF40E9009767CF /* MoonView.swift in Sources */ = {isa = PBXBuildFile; fileRef = 1B2411981DFF40E9009767CF /* MoonView.swift */; };
		1B6A96D11E03109A003D4EC4 /* CGPoint.swift in Sources */ = {isa = PBXBuildFile; fileRef = 1B6A96D01E03109A003D4EC4 /* CGPoint.swift */; };
		1BA7ED381E09676900B44F43 /* MusicManager.swift in Sources */ = {isa = PBXBuildFile; fileRef = 1BA7ED371E09676900B44F43 /* MusicManager.swift */; };
		1BA7ED3E1E09685D00B44F43 /* 01Ataraxia.mp3 in Resources */ = {isa = PBXBuildFile; fileRef = 1BA7ED3A1E09685D00B44F43 /* 01Ataraxia.mp3 */; };
		1BA7ED3F1E09685D00B44F43 /* 02The_Ambient_Ukulele.mp3 in Resources */ = {isa = PBXBuildFile; fileRef = 1BA7ED3B1E09685D00B44F43 /* 02The_Ambient_Ukulele.mp3 */; };
		1BA7ED401E09685D00B44F43 /* 03Illuminations.mp3 in Resources */ = {isa = PBXBuildFile; fileRef = 1BA7ED3C1E09685D00B44F43 /* 03Illuminations.mp3 */; };
		1BA7ED411E09685D00B44F43 /* 04Squinting_at_the_Sun.mp3 in Resources */ = {isa = PBXBuildFile; fileRef = 1BA7ED3D1E09685D00B44F43 /* 04Squinting_at_the_Sun.mp3 */; };
		1BA7ED441E09814900B44F43 /* Icons.swift in Sources */ = {isa = PBXBuildFile; fileRef = 1BA7ED431E09814900B44F43 /* Icons.swift */; };
		1BA7ED451E09818600B44F43 /* FontAwesome.otf in Resources */ = {isa = PBXBuildFile; fileRef = 1BA7ED421E09814100B44F43 /* FontAwesome.otf */; };
		1BA7ED471E0987D800B44F43 /* InfoViewController.swift in Sources */ = {isa = PBXBuildFile; fileRef = 1BA7ED461E0987D800B44F43 /* InfoViewController.swift */; };
		1BAB3F0E1E004C2C0028C950 /* StarView.swift in Sources */ = {isa = PBXBuildFile; fileRef = 1BAB3F0D1E004C2C0028C950 /* StarView.swift */; };
		1BAB3F101E0052180028C950 /* ConstellationView.swift in Sources */ = {isa = PBXBuildFile; fileRef = 1BAB3F0F1E0052180028C950 /* ConstellationView.swift */; };
		1BAB3F121E0055530028C950 /* Array.swift in Sources */ = {isa = PBXBuildFile; fileRef = 1BAB3F111E0055530028C950 /* Array.swift */; };
/* End PBXBuildFile section */

/* Begin PBXFileReference section */
		1B1016FE1DFC37EA00D4AA44 /* MindfulMoment.app */ = {isa = PBXFileReference; explicitFileType = wrapper.application; includeInIndex = 0; path = MindfulMoment.app; sourceTree = BUILT_PRODUCTS_DIR; };
		1B1017011DFC37EA00D4AA44 /* AppDelegate.swift */ = {isa = PBXFileReference; lastKnownFileType = sourcecode.swift; path = AppDelegate.swift; sourceTree = "<group>"; };
		1B1017061DFC37EA00D4AA44 /* Base */ = {isa = PBXFileReference; lastKnownFileType = file.storyboard; name = Base; path = Base.lproj/Main.storyboard; sourceTree = "<group>"; };
		1B1017081DFC37EA00D4AA44 /* Assets.xcassets */ = {isa = PBXFileReference; lastKnownFileType = folder.assetcatalog; path = Assets.xcassets; sourceTree = "<group>"; };
		1B10170B1DFC37EA00D4AA44 /* Base */ = {isa = PBXFileReference; lastKnownFileType = file.storyboard; name = Base; path = Base.lproj/LaunchScreen.storyboard; sourceTree = "<group>"; };
		1B10170D1DFC37EA00D4AA44 /* Info.plist */ = {isa = PBXFileReference; lastKnownFileType = text.plist.xml; path = Info.plist; sourceTree = "<group>"; };
		1B1017131DFC387F00D4AA44 /* DataStore.swift */ = {isa = PBXFileReference; fileEncoding = 4; lastKnownFileType = sourcecode.swift; path = DataStore.swift; sourceTree = "<group>"; };
		1B1017141DFC387F00D4AA44 /* Health.swift */ = {isa = PBXFileReference; fileEncoding = 4; lastKnownFileType = sourcecode.swift; path = Health.swift; sourceTree = "<group>"; };
		1B1017151DFC387F00D4AA44 /* MainViewController.swift */ = {isa = PBXFileReference; fileEncoding = 4; lastKnownFileType = sourcecode.swift; path = MainViewController.swift; sourceTree = "<group>"; };
		1B1017161DFC387F00D4AA44 /* Session.swift */ = {isa = PBXFileReference; fileEncoding = 4; lastKnownFileType = sourcecode.swift; path = Session.swift; sourceTree = "<group>"; };
		1B1017171DFC387F00D4AA44 /* SessionsViewController.swift */ = {isa = PBXFileReference; fileEncoding = 4; lastKnownFileType = sourcecode.swift; path = SessionsViewController.swift; sourceTree = "<group>"; };
		1B1017181DFC387F00D4AA44 /* UIColor.swift */ = {isa = PBXFileReference; fileEncoding = 4; lastKnownFileType = sourcecode.swift; path = UIColor.swift; sourceTree = "<group>"; };
		1B1017191DFC387F00D4AA44 /* UIFont.swift */ = {isa = PBXFileReference; fileEncoding = 4; lastKnownFileType = sourcecode.swift; path = UIFont.swift; sourceTree = "<group>"; };
		1B1017211DFC3AC200D4AA44 /* MindfulMoment.entitlements */ = {isa = PBXFileReference; lastKnownFileType = text.plist.entitlements; path = MindfulMoment.entitlements; sourceTree = "<group>"; };
		1B1017231DFC3AC200D4AA44 /* HealthKit.framework */ = {isa = PBXFileReference; lastKnownFileType = wrapper.framework; name = HealthKit.framework; path = System/Library/Frameworks/HealthKit.framework; sourceTree = SDKROOT; };
		1B1017281DFC4A2000D4AA44 /* Int.swift */ = {isa = PBXFileReference; fileEncoding = 4; lastKnownFileType = sourcecode.swift; path = Int.swift; sourceTree = "<group>"; };
		1B10172A1DFC73E600D4AA44 /* Double.swift */ = {isa = PBXFileReference; fileEncoding = 4; lastKnownFileType = sourcecode.swift; path = Double.swift; sourceTree = "<group>"; };
		1B10172C1DFC74C500D4AA44 /* CGAffineTransform.swift */ = {isa = PBXFileReference; fileEncoding = 4; lastKnownFileType = sourcecode.swift; path = CGAffineTransform.swift; sourceTree = "<group>"; };
		1B2411911DFF0098009767CF /* SunView.swift */ = {isa = PBXFileReference; fileEncoding = 4; lastKnownFileType = sourcecode.swift; path = SunView.swift; sourceTree = "<group>"; };
		1B2411941DFF01BC009767CF /* UIImageConstants.swift */ = {isa = PBXFileReference; fileEncoding = 4; lastKnownFileType = sourcecode.swift; path = UIImageConstants.swift; sourceTree = "<group>"; };
		1B2411961DFF0276009767CF /* UIView.swift */ = {isa = PBXFileReference; fileEncoding = 4; lastKnownFileType = sourcecode.swift; path = UIView.swift; sourceTree = "<group>"; };
		1B2411981DFF40E9009767CF /* MoonView.swift */ = {isa = PBXFileReference; fileEncoding = 4; lastKnownFileType = sourcecode.swift; path = MoonView.swift; sourceTree = "<group>"; };
		1B6A96D01E03109A003D4EC4 /* CGPoint.swift */ = {isa = PBXFileReference; fileEncoding = 4; lastKnownFileType = sourcecode.swift; path = CGPoint.swift; sourceTree = "<group>"; };
		1BA7ED371E09676900B44F43 /* MusicManager.swift */ = {isa = PBXFileReference; fileEncoding = 4; lastKnownFileType = sourcecode.swift; path = MusicManager.swift; sourceTree = "<group>"; };
		1BA7ED3A1E09685D00B44F43 /* 01Ataraxia.mp3 */ = {isa = PBXFileReference; lastKnownFileType = audio.mp3; name = 01Ataraxia.mp3; path = Music/01Ataraxia.mp3; sourceTree = "<group>"; };
		1BA7ED3B1E09685D00B44F43 /* 02The_Ambient_Ukulele.mp3 */ = {isa = PBXFileReference; lastKnownFileType = audio.mp3; name = 02The_Ambient_Ukulele.mp3; path = Music/02The_Ambient_Ukulele.mp3; sourceTree = "<group>"; };
		1BA7ED3C1E09685D00B44F43 /* 03Illuminations.mp3 */ = {isa = PBXFileReference; lastKnownFileType = audio.mp3; name = 03Illuminations.mp3; path = Music/03Illuminations.mp3; sourceTree = "<group>"; };
		1BA7ED3D1E09685D00B44F43 /* 04Squinting_at_the_Sun.mp3 */ = {isa = PBXFileReference; lastKnownFileType = audio.mp3; name = 04Squinting_at_the_Sun.mp3; path = Music/04Squinting_at_the_Sun.mp3; sourceTree = "<group>"; };
		1BA7ED421E09814100B44F43 /* FontAwesome.otf */ = {isa = PBXFileReference; lastKnownFileType = file; name = FontAwesome.otf; path = "../../../../Downloads/font-awesome-4.7.0/fonts/FontAwesome.otf"; sourceTree = "<group>"; };
		1BA7ED431E09814900B44F43 /* Icons.swift */ = {isa = PBXFileReference; fileEncoding = 4; lastKnownFileType = sourcecode.swift; path = Icons.swift; sourceTree = "<group>"; };
		1BA7ED461E0987D800B44F43 /* InfoViewController.swift */ = {isa = PBXFileReference; fileEncoding = 4; lastKnownFileType = sourcecode.swift; path = InfoViewController.swift; sourceTree = "<group>"; };
		1BAB3F0D1E004C2C0028C950 /* StarView.swift */ = {isa = PBXFileReference; fileEncoding = 4; lastKnownFileType = sourcecode.swift; path = StarView.swift; sourceTree = "<group>"; };
		1BAB3F0F1E0052180028C950 /* ConstellationView.swift */ = {isa = PBXFileReference; fileEncoding = 4; lastKnownFileType = sourcecode.swift; path = ConstellationView.swift; sourceTree = "<group>"; };
		1BAB3F111E0055530028C950 /* Array.swift */ = {isa = PBXFileReference; fileEncoding = 4; lastKnownFileType = sourcecode.swift; path = Array.swift; sourceTree = "<group>"; };
/* End PBXFileReference section */

/* Begin PBXFrameworksBuildPhase section */
		1B1016FB1DFC37EA00D4AA44 /* Frameworks */ = {
			isa = PBXFrameworksBuildPhase;
			buildActionMask = 2147483647;
			files = (
				1B1017241DFC3AC200D4AA44 /* HealthKit.framework in Frameworks */,
			);
			runOnlyForDeploymentPostprocessing = 0;
		};
/* End PBXFrameworksBuildPhase section */

/* Begin PBXGroup section */
		1B1016F51DFC37EA00D4AA44 = {
			isa = PBXGroup;
			children = (
				1B1017001DFC37EA00D4AA44 /* MindfulMoment */,
				1B1016FF1DFC37EA00D4AA44 /* Products */,
				1B1017221DFC3AC200D4AA44 /* Frameworks */,
			);
			sourceTree = "<group>";
		};
		1B1016FF1DFC37EA00D4AA44 /* Products */ = {
			isa = PBXGroup;
			children = (
				1B1016FE1DFC37EA00D4AA44 /* MindfulMoment.app */,
			);
			name = Products;
			sourceTree = "<group>";
		};
		1B1017001DFC37EA00D4AA44 /* MindfulMoment */ = {
			isa = PBXGroup;
			children = (
				1BA7ED421E09814100B44F43 /* FontAwesome.otf */,
				1BA7ED391E09685000B44F43 /* Music */,
				1B2411931DFF01AF009767CF /* Constants */,
				1B1017211DFC3AC200D4AA44 /* MindfulMoment.entitlements */,
				1B1017271DFC49AA00D4AA44 /* Models */,
				1B1017251DFC498B00D4AA44 /* ViewControllers */,
				1B1017261DFC499400D4AA44 /* Extensions */,
				1B1017011DFC37EA00D4AA44 /* AppDelegate.swift */,
				1B1017051DFC37EA00D4AA44 /* Main.storyboard */,
				1B1017081DFC37EA00D4AA44 /* Assets.xcassets */,
				1B10170A1DFC37EA00D4AA44 /* LaunchScreen.storyboard */,
				1B10170D1DFC37EA00D4AA44 /* Info.plist */,
			);
			path = MindfulMoment;
			sourceTree = "<group>";
		};
		1B1017221DFC3AC200D4AA44 /* Frameworks */ = {
			isa = PBXGroup;
			children = (
				1B1017231DFC3AC200D4AA44 /* HealthKit.framework */,
			);
			name = Frameworks;
			sourceTree = "<group>";
		};
		1B1017251DFC498B00D4AA44 /* ViewControllers */ = {
			isa = PBXGroup;
			children = (
				1B1017151DFC387F00D4AA44 /* MainViewController.swift */,
				1B1017171DFC387F00D4AA44 /* SessionsViewController.swift */,
				1B2411911DFF0098009767CF /* SunView.swift */,
				1B2411981DFF40E9009767CF /* MoonView.swift */,
				1BAB3F0D1E004C2C0028C950 /* StarView.swift */,
				1BAB3F0F1E0052180028C950 /* ConstellationView.swift */,
				1BA7ED461E0987D800B44F43 /* InfoViewController.swift */,
			);
			name = ViewControllers;
			sourceTree = "<group>";
		};
		1B1017261DFC499400D4AA44 /* Extensions */ = {
			isa = PBXGroup;
			children = (
				1B1017181DFC387F00D4AA44 /* UIColor.swift */,
				1B1017191DFC387F00D4AA44 /* UIFont.swift */,
				1B1017281DFC4A2000D4AA44 /* Int.swift */,
				1B10172A1DFC73E600D4AA44 /* Double.swift */,
				1B10172C1DFC74C500D4AA44 /* CGAffineTransform.swift */,
				1B2411961DFF0276009767CF /* UIView.swift */,
				1BAB3F111E0055530028C950 /* Array.swift */,
				1B6A96D01E03109A003D4EC4 /* CGPoint.swift */,
			);
			name = Extensions;
			sourceTree = "<group>";
		};
		1B1017271DFC49AA00D4AA44 /* Models */ = {
			isa = PBXGroup;
			children = (
				1B1017131DFC387F00D4AA44 /* DataStore.swift */,
				1B1017161DFC387F00D4AA44 /* Session.swift */,
				1B1017141DFC387F00D4AA44 /* Health.swift */,
				1BA7ED371E09676900B44F43 /* MusicManager.swift */,
			);
			name = Models;
			sourceTree = "<group>";
		};
		1B2411931DFF01AF009767CF /* Constants */ = {
			isa = PBXGroup;
			children = (
				1B2411941DFF01BC009767CF /* UIImageConstants.swift */,
				1BA7ED431E09814900B44F43 /* Icons.swift */,
			);
			name = Constants;
			sourceTree = "<group>";
		};
		1BA7ED391E09685000B44F43 /* Music */ = {
			isa = PBXGroup;
			children = (
				1BA7ED3A1E09685D00B44F43 /* 01Ataraxia.mp3 */,
				1BA7ED3B1E09685D00B44F43 /* 02The_Ambient_Ukulele.mp3 */,
				1BA7ED3C1E09685D00B44F43 /* 03Illuminations.mp3 */,
				1BA7ED3D1E09685D00B44F43 /* 04Squinting_at_the_Sun.mp3 */,
			);
			name = Music;
			sourceTree = "<group>";
		};
/* End PBXGroup section */

/* Begin PBXNativeTarget section */
		1B1016FD1DFC37EA00D4AA44 /* MindfulMoment */ = {
			isa = PBXNativeTarget;
			buildConfigurationList = 1B1017101DFC37EA00D4AA44 /* Build configuration list for PBXNativeTarget "MindfulMoment" */;
			buildPhases = (
				1B1016FA1DFC37EA00D4AA44 /* Sources */,
				1B1016FB1DFC37EA00D4AA44 /* Frameworks */,
				1B1016FC1DFC37EA00D4AA44 /* Resources */,
			);
			buildRules = (
			);
			dependencies = (
			);
			name = MindfulMoment;
			productName = MindfulMoment;
			productReference = 1B1016FE1DFC37EA00D4AA44 /* MindfulMoment.app */;
			productType = "com.apple.product-type.application";
		};
/* End PBXNativeTarget section */

/* Begin PBXProject section */
		1B1016F61DFC37EA00D4AA44 /* Project object */ = {
			isa = PBXProject;
			attributes = {
				LastSwiftUpdateCheck = 0810;
				LastUpgradeCheck = 0810;
				ORGANIZATIONNAME = Christopher;
				TargetAttributes = {
					1B1016FD1DFC37EA00D4AA44 = {
						CreatedOnToolsVersion = 8.1;
						DevelopmentTeam = 6X2L9APT92;
						ProvisioningStyle = Automatic;
						SystemCapabilities = {
							com.apple.HealthKit = {
								enabled = 1;
							};
						};
					};
				};
			};
			buildConfigurationList = 1B1016F91DFC37EA00D4AA44 /* Build configuration list for PBXProject "MindfulMoment" */;
			compatibilityVersion = "Xcode 3.2";
			developmentRegion = English;
			hasScannedForEncodings = 0;
			knownRegions = (
				en,
				Base,
			);
			mainGroup = 1B1016F51DFC37EA00D4AA44;
			productRefGroup = 1B1016FF1DFC37EA00D4AA44 /* Products */;
			projectDirPath = "";
			projectRoot = "";
			targets = (
				1B1016FD1DFC37EA00D4AA44 /* MindfulMoment */,
			);
		};
/* End PBXProject section */

/* Begin PBXResourcesBuildPhase section */
		1B1016FC1DFC37EA00D4AA44 /* Resources */ = {
			isa = PBXResourcesBuildPhase;
			buildActionMask = 2147483647;
			files = (
				1BA7ED401E09685D00B44F43 /* 03Illuminations.mp3 in Resources */,
				1BA7ED411E09685D00B44F43 /* 04Squinting_at_the_Sun.mp3 in Resources */,
				1BA7ED3E1E09685D00B44F43 /* 01Ataraxia.mp3 in Resources */,
				1B10170C1DFC37EA00D4AA44 /* LaunchScreen.storyboard in Resources */,
				1BA7ED3F1E09685D00B44F43 /* 02The_Ambient_Ukulele.mp3 in Resources */,
				1B1017091DFC37EA00D4AA44 /* Assets.xcassets in Resources */,
				1BA7ED451E09818600B44F43 /* FontAwesome.otf in Resources */,
				1B1017071DFC37EA00D4AA44 /* Main.storyboard in Resources */,
			);
			runOnlyForDeploymentPostprocessing = 0;
		};
/* End PBXResourcesBuildPhase section */

/* Begin PBXSourcesBuildPhase section */
		1B1016FA1DFC37EA00D4AA44 /* Sources */ = {
			isa = PBXSourcesBuildPhase;
			buildActionMask = 2147483647;
			files = (
				1B10171B1DFC387F00D4AA44 /* Health.swift in Sources */,
				1B2411921DFF0098009767CF /* SunView.swift in Sources */,
				1B10171D1DFC387F00D4AA44 /* Session.swift in Sources */,
				1B2411991DFF40E9009767CF /* MoonView.swift in Sources */,
				1B10171E1DFC387F00D4AA44 /* SessionsViewController.swift in Sources */,
				1B10171A1DFC387F00D4AA44 /* DataStore.swift in Sources */,
				1B10171F1DFC387F00D4AA44 /* UIColor.swift in Sources */,
				1B6A96D11E03109A003D4EC4 /* CGPoint.swift in Sources */,
				1B1017021DFC37EA00D4AA44 /* AppDelegate.swift in Sources */,
				1B10172D1DFC74C500D4AA44 /* CGAffineTransform.swift in Sources */,
				1BAB3F121E0055530028C950 /* Array.swift in Sources */,
				1B1017291DFC4A2000D4AA44 /* Int.swift in Sources */,
				1BA7ED471E0987D800B44F43 /* InfoViewController.swift in Sources */,
				1B2411951DFF01BC009767CF /* UIImageConstants.swift in Sources */,
				1BAB3F101E0052180028C950 /* ConstellationView.swift in Sources */,
				1BA7ED441E09814900B44F43 /* Icons.swift in Sources */,
				1B2411971DFF0276009767CF /* UIView.swift in Sources */,
				1B10171C1DFC387F00D4AA44 /* MainViewController.swift in Sources */,
				1B10172B1DFC73E600D4AA44 /* Double.swift in Sources */,
				1BAB3F0E1E004C2C0028C950 /* StarView.swift in Sources */,
				1BA7ED381E09676900B44F43 /* MusicManager.swift in Sources */,
				1B1017201DFC387F00D4AA44 /* UIFont.swift in Sources */,
			);
			runOnlyForDeploymentPostprocessing = 0;
		};
/* End PBXSourcesBuildPhase section */

/* Begin PBXVariantGroup section */
		1B1017051DFC37EA00D4AA44 /* Main.storyboard */ = {
			isa = PBXVariantGroup;
			children = (
				1B1017061DFC37EA00D4AA44 /* Base */,
			);
			name = Main.storyboard;
			sourceTree = "<group>";
		};
		1B10170A1DFC37EA00D4AA44 /* LaunchScreen.storyboard */ = {
			isa = PBXVariantGroup;
			children = (
				1B10170B1DFC37EA00D4AA44 /* Base */,
			);
			name = LaunchScreen.storyboard;
			sourceTree = "<group>";
		};
/* End PBXVariantGroup section */

/* Begin XCBuildConfiguration section */
		1B10170E1DFC37EA00D4AA44 /* Debug */ = {
			isa = XCBuildConfiguration;
			buildSettings = {
				ALWAYS_SEARCH_USER_PATHS = NO;
				CLANG_ANALYZER_NONNULL = YES;
				CLANG_CXX_LANGUAGE_STANDARD = "gnu++0x";
				CLANG_CXX_LIBRARY = "libc++";
				CLANG_ENABLE_MODULES = YES;
				CLANG_ENABLE_OBJC_ARC = YES;
				CLANG_WARN_BOOL_CONVERSION = YES;
				CLANG_WARN_CONSTANT_CONVERSION = YES;
				CLANG_WARN_DIRECT_OBJC_ISA_USAGE = YES_ERROR;
				CLANG_WARN_DOCUMENTATION_COMMENTS = YES;
				CLANG_WARN_EMPTY_BODY = YES;
				CLANG_WARN_ENUM_CONVERSION = YES;
				CLANG_WARN_INFINITE_RECURSION = YES;
				CLANG_WARN_INT_CONVERSION = YES;
				CLANG_WARN_OBJC_ROOT_CLASS = YES_ERROR;
				CLANG_WARN_SUSPICIOUS_MOVES = YES;
				CLANG_WARN_UNREACHABLE_CODE = YES;
				CLANG_WARN__DUPLICATE_METHOD_MATCH = YES;
				"CODE_SIGN_IDENTITY[sdk=iphoneos*]" = "iPhone Developer";
				COPY_PHASE_STRIP = NO;
				DEBUG_INFORMATION_FORMAT = dwarf;
				ENABLE_STRICT_OBJC_MSGSEND = YES;
				ENABLE_TESTABILITY = YES;
				GCC_C_LANGUAGE_STANDARD = gnu99;
				GCC_DYNAMIC_NO_PIC = NO;
				GCC_NO_COMMON_BLOCKS = YES;
				GCC_OPTIMIZATION_LEVEL = 0;
				GCC_PREPROCESSOR_DEFINITIONS = (
					"DEBUG=1",
					"$(inherited)",
				);
				GCC_WARN_64_TO_32_BIT_CONVERSION = YES;
				GCC_WARN_ABOUT_RETURN_TYPE = YES_ERROR;
				GCC_WARN_UNDECLARED_SELECTOR = YES;
				GCC_WARN_UNINITIALIZED_AUTOS = YES_AGGRESSIVE;
				GCC_WARN_UNUSED_FUNCTION = YES;
				GCC_WARN_UNUSED_VARIABLE = YES;
				IPHONEOS_DEPLOYMENT_TARGET = 10.1;
				MTL_ENABLE_DEBUG_INFO = YES;
				ONLY_ACTIVE_ARCH = YES;
				SDKROOT = iphoneos;
				SWIFT_ACTIVE_COMPILATION_CONDITIONS = DEBUG;
				SWIFT_OPTIMIZATION_LEVEL = "-Onone";
				TARGETED_DEVICE_FAMILY = "1,2";
			};
			name = Debug;
		};
		1B10170F1DFC37EA00D4AA44 /* Release */ = {
			isa = XCBuildConfiguration;
			buildSettings = {
				ALWAYS_SEARCH_USER_PATHS = NO;
				CLANG_ANALYZER_NONNULL = YES;
				CLANG_CXX_LANGUAGE_STANDARD = "gnu++0x";
				CLANG_CXX_LIBRARY = "libc++";
				CLANG_ENABLE_MODULES = YES;
				CLANG_ENABLE_OBJC_ARC = YES;
				CLANG_WARN_BOOL_CONVERSION = YES;
				CLANG_WARN_CONSTANT_CONVERSION = YES;
				CLANG_WARN_DIRECT_OBJC_ISA_USAGE = YES_ERROR;
				CLANG_WARN_DOCUMENTATION_COMMENTS = YES;
				CLANG_WARN_EMPTY_BODY = YES;
				CLANG_WARN_ENUM_CONVERSION = YES;
				CLANG_WARN_INFINITE_RECURSION = YES;
				CLANG_WARN_INT_CONVERSION = YES;
				CLANG_WARN_OBJC_ROOT_CLASS = YES_ERROR;
				CLANG_WARN_SUSPICIOUS_MOVES = YES;
				CLANG_WARN_UNREACHABLE_CODE = YES;
				CLANG_WARN__DUPLICATE_METHOD_MATCH = YES;
				"CODE_SIGN_IDENTITY[sdk=iphoneos*]" = "iPhone Developer";
				COPY_PHASE_STRIP = NO;
				DEBUG_INFORMATION_FORMAT = "dwarf-with-dsym";
				ENABLE_NS_ASSERTIONS = NO;
				ENABLE_STRICT_OBJC_MSGSEND = YES;
				GCC_C_LANGUAGE_STANDARD = gnu99;
				GCC_NO_COMMON_BLOCKS = YES;
				GCC_WARN_64_TO_32_BIT_CONVERSION = YES;
				GCC_WARN_ABOUT_RETURN_TYPE = YES_ERROR;
				GCC_WARN_UNDECLARED_SELECTOR = YES;
				GCC_WARN_UNINITIALIZED_AUTOS = YES_AGGRESSIVE;
				GCC_WARN_UNUSED_FUNCTION = YES;
				GCC_WARN_UNUSED_VARIABLE = YES;
				IPHONEOS_DEPLOYMENT_TARGET = 10.1;
				MTL_ENABLE_DEBUG_INFO = NO;
				SDKROOT = iphoneos;
				SWIFT_OPTIMIZATION_LEVEL = "-Owholemodule";
				TARGETED_DEVICE_FAMILY = "1,2";
				VALIDATE_PRODUCT = YES;
			};
			name = Release;
		};
		1B1017111DFC37EA00D4AA44 /* Debug */ = {
			isa = XCBuildConfiguration;
			buildSettings = {
				ASSETCATALOG_COMPILER_APPICON_NAME = AppIcon;
				CODE_SIGN_ENTITLEMENTS = MindfulMoment/MindfulMoment.entitlements;
				DEVELOPMENT_TEAM = 6X2L9APT92;
				INFOPLIST_FILE = MindfulMoment/Info.plist;
				LD_RUNPATH_SEARCH_PATHS = "$(inherited) @executable_path/Frameworks";
				PRODUCT_BUNDLE_IDENTIFIER = com.ChristopherBoynton.MindfulMoment;
				PRODUCT_NAME = "$(TARGET_NAME)";
				SWIFT_VERSION = 3.0;
				TARGETED_DEVICE_FAMILY = 1;
			};
			name = Debug;
		};
		1B1017121DFC37EA00D4AA44 /* Release */ = {
			isa = XCBuildConfiguration;
			buildSettings = {
				ASSETCATALOG_COMPILER_APPICON_NAME = AppIcon;
				CODE_SIGN_ENTITLEMENTS = MindfulMoment/MindfulMoment.entitlements;
				DEVELOPMENT_TEAM = 6X2L9APT92;
				INFOPLIST_FILE = MindfulMoment/Info.plist;
				LD_RUNPATH_SEARCH_PATHS = "$(inherited) @executable_path/Frameworks";
				PRODUCT_BUNDLE_IDENTIFIER = com.ChristopherBoynton.MindfulMoment;
				PRODUCT_NAME = "$(TARGET_NAME)";
				SWIFT_VERSION = 3.0;
				TARGETED_DEVICE_FAMILY = 1;
			};
			name = Release;
		};
/* End XCBuildConfiguration section */

/* Begin XCConfigurationList section */
		1B1016F91DFC37EA00D4AA44 /* Build configuration list for PBXProject "MindfulMoment" */ = {
			isa = XCConfigurationList;
			buildConfigurations = (
				1B10170E1DFC37EA00D4AA44 /* Debug */,
				1B10170F1DFC37EA00D4AA44 /* Release */,
			);
			defaultConfigurationIsVisible = 0;
			defaultConfigurationName = Release;
		};
		1B1017101DFC37EA00D4AA44 /* Build configuration list for PBXNativeTarget "MindfulMoment" */ = {
			isa = XCConfigurationList;
			buildConfigurations = (
				1B1017111DFC37EA00D4AA44 /* Debug */,
				1B1017121DFC37EA00D4AA44 /* Release */,
			);
			defaultConfigurationIsVisible = 0;
			defaultConfigurationName = Release;
		};
/* End XCConfigurationList section */
	};
	rootObject = 1B1016F61DFC37EA00D4AA44 /* Project object */;
}
